<?xml version="1.0" encoding="utf-8"?>
<Project ToolsVersion="4.0" xmlns="http://schemas.microsoft.com/developer/msbuild/2003">
  <ItemGroup>
    <ClCompile Include="src\ofApp.cpp">
      <Filter>src</Filter>
    </ClCompile>
    <ClCompile Include="src\main.cpp">
      <Filter>src</Filter>
    </ClCompile>
    <ClCompile Include="src\UnitTest.cpp" />
    <ClCompile Include="src\Particle.cpp" />
    <ClCompile Include="src\Object.cpp" />
    <ClCompile Include="src\ParticleGravity.cpp" />
    <ClCompile Include="src\ParticleForceRegistry.cpp" />
    <ClCompile Include="src\World.cpp" />
    <ClCompile Include="src\ParticleFrictionCinetique.cpp" />
    <ClCompile Include="src\ParticleFrictionStatic.cpp" />
    <ClCompile Include="src\CollisionSystem.cpp" />
    <ClCompile Include="src\SphereCollider.cpp" />
    <ClCompile Include="src\ParticleSpring.cpp" />
    <ClCompile Include="src\ParticleSpringFixedPoint.cpp" />
    <ClCompile Include="src\ParticuleCollision.cpp" />
    <ClCompile Include="src\ParticleLink.cpp" />
    <ClCompile Include="src\ParticleCable.cpp" />
    <ClCompile Include="src\ParticleStick.cpp" />
    <ClCompile Include="src\Quaternion.cpp" />
  </ItemGroup>
  <ItemGroup>
    <Filter Include="src">
      <UniqueIdentifier>{d8376475-7454-4a24-b08a-aac121d3ad6f}</UniqueIdentifier>
    </Filter>
  </ItemGroup>
  <ItemGroup>
    <ClInclude Include="src\ofApp.h">
      <Filter>src</Filter>
    </ClInclude>
    <ClInclude Include="src\include\Vector3.h" />
    <ClInclude Include="src\include\Particle.h" />
    <ClInclude Include="src\include\UnitTest.h" />
    <ClInclude Include="src\include\Object.h" />
    <ClInclude Include="src\include\ParticleForceGenerator.h" />
    <ClInclude Include="src\include\ParticleGravity.h" />
    <ClInclude Include="src\include\ParticleForceRegistry.h" />
    <ClInclude Include="src\include\World.h" />
    <ClInclude Include="src\include\ParticleData.h" />
    <ClInclude Include="src\include\ParticleFrictionCinetique.h" />
    <ClInclude Include="src\include\ParticleFrictionStatic.h" />
    <ClInclude Include="src\include\ForceEnum.h" />
    <ClInclude Include="src\include\CollisionSystem.h" />
    <ClInclude Include="src\include\SphereCollider.h" />
    <ClInclude Include="src\include\ParticleSpring.h" />
    <ClInclude Include="src\include\ParticleSpringFixedPoint.h" />
    <ClInclude Include="src\include\ParticuleCollision.h" />
    <ClInclude Include="src\include\ParticleLink.h" />
    <ClInclude Include="src\include\ParticleCable.h" />
    <ClInclude Include="src\include\ParticleStick.h" />
    <ClInclude Include="src\include\Quaternion.h" />
  </ItemGroup>
  <ItemGroup>
    <ResourceCompile Include="icon.rc" />
  </ItemGroup>
</Project>